github.com/McShelby/hugo-theme-relearn v0.0.0-20230104001949-0100506bec06 h1:aKK6ClmQN76voV6LX7/4F7SRFG5z62ZdSXfuGBY8pCQ=
github.com/McShelby/hugo-theme-relearn v0.0.0-20230104001949-0100506bec06/go.mod h1:mKQQdxZNIlLvAj8X3tMq+RzntIJSr9z7XdzuMomt0IM=
github.com/onweru/compose v0.0.0-20220613192136-823b5de743db h1:nYOIKq9elvPvKHIMJmr5yFMMouDvniv5aavHH9Beghg=
github.com/onweru/compose v0.0.0-20220613192136-823b5de743db/go.mod h1:tf1kQIBUcwJ/3mRFU5eiMrMvsDScVTK2IEFsZE3hZOc=
