github.com/McShelby/hugo-theme-relearn v0.0.0-20230114003928-fafc04cb4290 h1:FVNu//dyhfKzHRPMcRWk371djNn7IHKoiY/xjzjBMuk=
github.com/McShelby/hugo-theme-relearn v0.0.0-20230114003928-fafc04cb4290/go.mod h1:mKQQdxZNIlLvAj8X3tMq+RzntIJSr9z7XdzuMomt0IM=
github.com/McShelby/hugo-theme-relearn v0.0.0-20230125120752-36a76f8a25c1 h1:Tso/XMpRMhwJjycPItK3YSeeB0Iwz0DCyKZFNMRiuR4=
github.com/McShelby/hugo-theme-relearn v0.0.0-20230125120752-36a76f8a25c1/go.mod h1:mKQQdxZNIlLvAj8X3tMq+RzntIJSr9z7XdzuMomt0IM=
github.com/McShelby/hugo-theme-relearn v0.0.0-20231002094435-de60dd1c8122 h1:4dBGLYxCdR2+k0utd7fsGVLhNf0NoW/uoVSXA1axeC4=
github.com/McShelby/hugo-theme-relearn v0.0.0-20231002094435-de60dd1c8122/go.mod h1:mKQQdxZNIlLvAj8X3tMq+RzntIJSr9z7XdzuMomt0IM=
github.com/McShelby/hugo-theme-relearn v0.0.0-20240407214931-4391760c8bc1 h1:/SWuiqok8gDIkmBizkUBp6c3Y87JocRaukkzSUEDu+8=
github.com/McShelby/hugo-theme-relearn v0.0.0-20240407214931-4391760c8bc1/go.mod h1:mKQQdxZNIlLvAj8X3tMq+RzntIJSr9z7XdzuMomt0IM=
